
Microsoft Visual Studio Solution File, Format Version 12.00
# Visual Studio Version 17
VisualStudioVersion = 17.0.31903.59
MinimumVisualStudioVersion = 10.0.40219.1
Project("{FAE04EC0-301F-11D3-BF4B-00C04F79EFBC}") = "StockMonitorAgent.Core", "StockMonitorAgent.Core\StockMonitorAgent.Core.csproj", "{265868BB-41BC-4239-81E8-FEA7F0F851B6}"
EndProject
Project("{FAE04EC0-301F-11D3-BF4B-00C04F79EFBC}") = "StockMonitorAgent", "StockMonitorAgent\StockMonitorAgent.csproj", "{AEBEB76B-0C29-411C-AF08-ACB25919614F}"
EndProject
Global
	GlobalSection(SolutionConfigurationPlatforms) = preSolution
		Debug|Any CPU = Debug|Any CPU
		Debug|x64 = Debug|x64
		Debug|x86 = Debug|x86
		Release|Any CPU = Release|Any CPU
		Release|x64 = Release|x64
		Release|x86 = Release|x86
	EndGlobalSection
	GlobalSection(ProjectConfigurationPlatforms) = postSolution
		{265868BB-41BC-4239-81E8-FEA7F0F851B6}.Debug|Any CPU.ActiveCfg = Debug|Any CPU
		{265868BB-41BC-4239-81E8-FEA7F0F851B6}.Debug|Any CPU.Build.0 = Debug|Any CPU
		{265868BB-41BC-4239-81E8-FEA7F0F851B6}.Debug|x64.ActiveCfg = Debug|Any CPU
		{265868BB-41BC-4239-81E8-FEA7F0F851B6}.Debug|x64.Build.0 = Debug|Any CPU
		{265868BB-41BC-4239-81E8-FEA7F0F851B6}.Debug|x86.ActiveCfg = Debug|Any CPU
		{265868BB-41BC-4239-81E8-FEA7F0F851B6}.Debug|x86.Build.0 = Debug|Any CPU
		{265868BB-41BC-4239-81E8-FEA7F0F851B6}.Release|Any CPU.ActiveCfg = Release|Any CPU
		{265868BB-41BC-4239-81E8-FEA7F0F851B6}.Release|Any CPU.Build.0 = Release|Any CPU
		{265868BB-41BC-4239-81E8-FEA7F0F851B6}.Release|x64.ActiveCfg = Release|Any CPU
		{265868BB-41BC-4239-81E8-FEA7F0F851B6}.Release|x64.Build.0 = Release|Any CPU
		{265868BB-41BC-4239-81E8-FEA7F0F851B6}.Release|x86.ActiveCfg = Release|Any CPU
		{265868BB-41BC-4239-81E8-FEA7F0F851B6}.Release|x86.Build.0 = Release|Any CPU
		{AEBEB76B-0C29-411C-AF08-ACB25919614F}.Debug|Any CPU.ActiveCfg = Debug|Any CPU
		{AEBEB76B-0C29-411C-AF08-ACB25919614F}.Debug|Any CPU.Build.0 = Debug|Any CPU
		{AEBEB76B-0C29-411C-AF08-ACB25919614F}.Debug|x64.ActiveCfg = Debug|Any CPU
		{AEBEB76B-0C29-411C-AF08-ACB25919614F}.Debug|x64.Build.0 = Debug|Any CPU
		{AEBEB76B-0C29-411C-AF08-ACB25919614F}.Debug|x86.ActiveCfg = Debug|Any CPU
		{AEBEB76B-0C29-411C-AF08-ACB25919614F}.Debug|x86.Build.0 = Debug|Any CPU
		{AEBEB76B-0C29-411C-AF08-ACB25919614F}.Release|Any CPU.ActiveCfg = Release|Any CPU
		{AEBEB76B-0C29-411C-AF08-ACB25919614F}.Release|Any CPU.Build.0 = Release|Any CPU
		{AEBEB76B-0C29-411C-AF08-ACB25919614F}.Release|x64.ActiveCfg = Release|Any CPU
		{AEBEB76B-0C29-411C-AF08-ACB25919614F}.Release|x64.Build.0 = Release|Any CPU
		{AEBEB76B-0C29-411C-AF08-ACB25919614F}.Release|x86.ActiveCfg = Release|Any CPU
		{AEBEB76B-0C29-411C-AF08-ACB25919614F}.Release|x86.Build.0 = Release|Any CPU
	EndGlobalSection
	GlobalSection(SolutionProperties) = preSolution
		HideSolutionNode = FALSE
	EndGlobalSection
EndGlobal
